// !$*UTF8*$!
{
	archiveVersion = 1;
	classes = {
	};
	objectVersion = 55;
	objects = {

/* Begin PBXBuildFile section */
		03812F9C2881AB8200FA23D7 /* CardInfoViewController.swift in Sources */ = {isa = PBXBuildFile; fileRef = 03812F9B2881AB8200FA23D7 /* CardInfoViewController.swift */; };
		03812F9F2881B3D100FA23D7 /* MainViewControllerOutput.swift in Sources */ = {isa = PBXBuildFile; fileRef = 03812F9E2881B3D100FA23D7 /* MainViewControllerOutput.swift */; };
		03B0656228817A6D00D189D1 /* AppDelegate.swift in Sources */ = {isa = PBXBuildFile; fileRef = 03B0656128817A6D00D189D1 /* AppDelegate.swift */; };
		03B0656628817A6D00D189D1 /* MainViewController.swift in Sources */ = {isa = PBXBuildFile; fileRef = 03B0656528817A6D00D189D1 /* MainViewController.swift */; };
		03B0656B28817A6E00D189D1 /* Assets.xcassets in Resources */ = {isa = PBXBuildFile; fileRef = 03B0656A28817A6E00D189D1 /* Assets.xcassets */; };
		03B0656E28817A6E00D189D1 /* LaunchScreen.storyboard in Resources */ = {isa = PBXBuildFile; fileRef = 03B0656C28817A6E00D189D1 /* LaunchScreen.storyboard */; };
		03B0657928817A6E00D189D1 /* CardTbleTests.swift in Sources */ = {isa = PBXBuildFile; fileRef = 03B0657828817A6E00D189D1 /* CardTbleTests.swift */; };
		03B0658328817A6E00D189D1 /* CardTbleUITests.swift in Sources */ = {isa = PBXBuildFile; fileRef = 03B0658228817A6E00D189D1 /* CardTbleUITests.swift */; };
		03B0658528817A6E00D189D1 /* CardTbleUITestsLaunchTests.swift in Sources */ = {isa = PBXBuildFile; fileRef = 03B0658428817A6E00D189D1 /* CardTbleUITestsLaunchTests.swift */; };
		03B065932881811B00D189D1 /* Alamofire in Frameworks */ = {isa = PBXBuildFile; productRef = 03B065922881811B00D189D1 /* Alamofire */; };
		03BCDB83288189C800D5E7AD /* MainPresenter.swift in Sources */ = {isa = PBXBuildFile; fileRef = 03BCDB82288189C800D5E7AD /* MainPresenter.swift */; };
		03BCDB85288189DE00D5E7AD /* MainAssembly.swift in Sources */ = {isa = PBXBuildFile; fileRef = 03BCDB84288189DE00D5E7AD /* MainAssembly.swift */; };
		03BCDB8728818A4500D5E7AD /* MainViewControllerInput.swift in Sources */ = {isa = PBXBuildFile; fileRef = 03BCDB8628818A4500D5E7AD /* MainViewControllerInput.swift */; };
		03BCDB8B28818D9100D5E7AD /* CardCell.swift in Sources */ = {isa = PBXBuildFile; fileRef = 03BCDB8A28818D9100D5E7AD /* CardCell.swift */; };
		03BCDB8D2881907300D5E7AD /* CardModel.swift in Sources */ = {isa = PBXBuildFile; fileRef = 03BCDB8C2881907300D5E7AD /* CardModel.swift */; };
		40390E1272C8602B88996084 /* Pods_CardTbleTests.framework in Frameworks */ = {isa = PBXBuildFile; fileRef = 826E3F2679952C1E89C27C32 /* Pods_CardTbleTests.framework */; };
		7B4B27BE352CC2239673CFD9 /* Pods_CardTble_CardTbleUITests.framework in Frameworks */ = {isa = PBXBuildFile; fileRef = D403FDAC4713FFC977E61B9A /* Pods_CardTble_CardTbleUITests.framework */; };
		BAB2F87CA576CABCF6F79518 /* Pods_CardTble.framework in Frameworks */ = {isa = PBXBuildFile; fileRef = FA681CA874D9186313572256 /* Pods_CardTble.framework */; };
/* End PBXBuildFile section */

/* Begin PBXContainerItemProxy section */
		03B0657528817A6E00D189D1 /* PBXContainerItemProxy */ = {
			isa = PBXContainerItemProxy;
			containerPortal = 03B0655628817A6D00D189D1 /* Project object */;
			proxyType = 1;
			remoteGlobalIDString = 03B0655D28817A6D00D189D1;
			remoteInfo = CardTble;
		};
		03B0657F28817A6E00D189D1 /* PBXContainerItemProxy */ = {
			isa = PBXContainerItemProxy;
			containerPortal = 03B0655628817A6D00D189D1 /* Project object */;
			proxyType = 1;
			remoteGlobalIDString = 03B0655D28817A6D00D189D1;
			remoteInfo = CardTble;
		};
/* End PBXContainerItemProxy section */

/* Begin PBXFileReference section */
		03812F9B2881AB8200FA23D7 /* CardInfoViewController.swift */ = {isa = PBXFileReference; lastKnownFileType = sourcecode.swift; path = CardInfoViewController.swift; sourceTree = "<group>"; };
		03812F9E2881B3D100FA23D7 /* MainViewControllerOutput.swift */ = {isa = PBXFileReference; lastKnownFileType = sourcecode.swift; path = MainViewControllerOutput.swift; sourceTree = "<group>"; };
		03B0655E28817A6D00D189D1 /* CardTble.app */ = {isa = PBXFileReference; explicitFileType = wrapper.application; includeInIndex = 0; path = CardTble.app; sourceTree = BUILT_PRODUCTS_DIR; };
		03B0656128817A6D00D189D1 /* AppDelegate.swift */ = {isa = PBXFileReference; lastKnownFileType = sourcecode.swift; path = AppDelegate.swift; sourceTree = "<group>"; };
		03B0656528817A6D00D189D1 /* MainViewController.swift */ = {isa = PBXFileReference; lastKnownFileType = sourcecode.swift; path = MainViewController.swift; sourceTree = "<group>"; };
		03B0656A28817A6E00D189D1 /* Assets.xcassets */ = {isa = PBXFileReference; lastKnownFileType = folder.assetcatalog; path = Assets.xcassets; sourceTree = "<group>"; };
		03B0656D28817A6E00D189D1 /* Base */ = {isa = PBXFileReference; lastKnownFileType = file.storyboard; name = Base; path = Base.lproj/LaunchScreen.storyboard; sourceTree = "<group>"; };
		03B0656F28817A6E00D189D1 /* Info.plist */ = {isa = PBXFileReference; lastKnownFileType = text.plist.xml; path = Info.plist; sourceTree = "<group>"; };
		03B0657428817A6E00D189D1 /* CardTbleTests.xctest */ = {isa = PBXFileReference; explicitFileType = wrapper.cfbundle; includeInIndex = 0; path = CardTbleTests.xctest; sourceTree = BUILT_PRODUCTS_DIR; };
		03B0657828817A6E00D189D1 /* CardTbleTests.swift */ = {isa = PBXFileReference; lastKnownFileType = sourcecode.swift; path = CardTbleTests.swift; sourceTree = "<group>"; };
		03B0657E28817A6E00D189D1 /* CardTbleUITests.xctest */ = {isa = PBXFileReference; explicitFileType = wrapper.cfbundle; includeInIndex = 0; path = CardTbleUITests.xctest; sourceTree = BUILT_PRODUCTS_DIR; };
		03B0658228817A6E00D189D1 /* CardTbleUITests.swift */ = {isa = PBXFileReference; lastKnownFileType = sourcecode.swift; path = CardTbleUITests.swift; sourceTree = "<group>"; };
		03B0658428817A6E00D189D1 /* CardTbleUITestsLaunchTests.swift */ = {isa = PBXFileReference; lastKnownFileType = sourcecode.swift; path = CardTbleUITestsLaunchTests.swift; sourceTree = "<group>"; };
		03BCDB82288189C800D5E7AD /* MainPresenter.swift */ = {isa = PBXFileReference; lastKnownFileType = sourcecode.swift; path = MainPresenter.swift; sourceTree = "<group>"; };
		03BCDB84288189DE00D5E7AD /* MainAssembly.swift */ = {isa = PBXFileReference; lastKnownFileType = sourcecode.swift; path = MainAssembly.swift; sourceTree = "<group>"; };
		03BCDB8628818A4500D5E7AD /* MainViewControllerInput.swift */ = {isa = PBXFileReference; lastKnownFileType = sourcecode.swift; path = MainViewControllerInput.swift; sourceTree = "<group>"; };
		03BCDB8A28818D9100D5E7AD /* CardCell.swift */ = {isa = PBXFileReference; lastKnownFileType = sourcecode.swift; path = CardCell.swift; sourceTree = "<group>"; };
		03BCDB8C2881907300D5E7AD /* CardModel.swift */ = {isa = PBXFileReference; lastKnownFileType = sourcecode.swift; path = CardModel.swift; sourceTree = "<group>"; };
		2161CCD111AD4EAD9D5A1323 /* Pods-CardTble.release.xcconfig */ = {isa = PBXFileReference; includeInIndex = 1; lastKnownFileType = text.xcconfig; name = "Pods-CardTble.release.xcconfig"; path = "Target Support Files/Pods-CardTble/Pods-CardTble.release.xcconfig"; sourceTree = "<group>"; };
		826E3F2679952C1E89C27C32 /* Pods_CardTbleTests.framework */ = {isa = PBXFileReference; explicitFileType = wrapper.framework; includeInIndex = 0; path = Pods_CardTbleTests.framework; sourceTree = BUILT_PRODUCTS_DIR; };
		8284D4367143E3B4DBB45E23 /* Pods-CardTble-CardTbleUITests.release.xcconfig */ = {isa = PBXFileReference; includeInIndex = 1; lastKnownFileType = text.xcconfig; name = "Pods-CardTble-CardTbleUITests.release.xcconfig"; path = "Target Support Files/Pods-CardTble-CardTbleUITests/Pods-CardTble-CardTbleUITests.release.xcconfig"; sourceTree = "<group>"; };
		BF586410A61EC8FA8763C8B4 /* Pods-CardTbleTests.release.xcconfig */ = {isa = PBXFileReference; includeInIndex = 1; lastKnownFileType = text.xcconfig; name = "Pods-CardTbleTests.release.xcconfig"; path = "Target Support Files/Pods-CardTbleTests/Pods-CardTbleTests.release.xcconfig"; sourceTree = "<group>"; };
		CFEC7D4FE23A660CA063302D /* Pods-CardTble.debug.xcconfig */ = {isa = PBXFileReference; includeInIndex = 1; lastKnownFileType = text.xcconfig; name = "Pods-CardTble.debug.xcconfig"; path = "Target Support Files/Pods-CardTble/Pods-CardTble.debug.xcconfig"; sourceTree = "<group>"; };
		D1F59AD110FEFB9BFBD659C5 /* Pods-CardTbleTests.debug.xcconfig */ = {isa = PBXFileReference; includeInIndex = 1; lastKnownFileType = text.xcconfig; name = "Pods-CardTbleTests.debug.xcconfig"; path = "Target Support Files/Pods-CardTbleTests/Pods-CardTbleTests.debug.xcconfig"; sourceTree = "<group>"; };
		D403FDAC4713FFC977E61B9A /* Pods_CardTble_CardTbleUITests.framework */ = {isa = PBXFileReference; explicitFileType = wrapper.framework; includeInIndex = 0; path = Pods_CardTble_CardTbleUITests.framework; sourceTree = BUILT_PRODUCTS_DIR; };
		D5CAB53FC9307C9F37C6060B /* Pods-CardTble-CardTbleUITests.debug.xcconfig */ = {isa = PBXFileReference; includeInIndex = 1; lastKnownFileType = text.xcconfig; name = "Pods-CardTble-CardTbleUITests.debug.xcconfig"; path = "Target Support Files/Pods-CardTble-CardTbleUITests/Pods-CardTble-CardTbleUITests.debug.xcconfig"; sourceTree = "<group>"; };
		FA681CA874D9186313572256 /* Pods_CardTble.framework */ = {isa = PBXFileReference; explicitFileType = wrapper.framework; includeInIndex = 0; path = Pods_CardTble.framework; sourceTree = BUILT_PRODUCTS_DIR; };
/* End PBXFileReference section */

/* Begin PBXFrameworksBuildPhase section */
		03B0655B28817A6D00D189D1 /* Frameworks */ = {
			isa = PBXFrameworksBuildPhase;
			buildActionMask = 2147483647;
			files = (
				BAB2F87CA576CABCF6F79518 /* Pods_CardTble.framework in Frameworks */,
				03B065932881811B00D189D1 /* Alamofire in Frameworks */,
			);
			runOnlyForDeploymentPostprocessing = 0;
		};
		03B0657128817A6E00D189D1 /* Frameworks */ = {
			isa = PBXFrameworksBuildPhase;
			buildActionMask = 2147483647;
			files = (
				40390E1272C8602B88996084 /* Pods_CardTbleTests.framework in Frameworks */,
			);
			runOnlyForDeploymentPostprocessing = 0;
		};
		03B0657B28817A6E00D189D1 /* Frameworks */ = {
			isa = PBXFrameworksBuildPhase;
			buildActionMask = 2147483647;
			files = (
				7B4B27BE352CC2239673CFD9 /* Pods_CardTble_CardTbleUITests.framework in Frameworks */,
			);
			runOnlyForDeploymentPostprocessing = 0;
		};
/* End PBXFrameworksBuildPhase section */

/* Begin PBXGroup section */
		03812F9D2881AC3E00FA23D7 /* CardView */ = {
			isa = PBXGroup;
			children = (
				03812F9B2881AB8200FA23D7 /* CardInfoViewController.swift */,
			);
			path = CardView;
			sourceTree = "<group>";
		};
		03B0655528817A6D00D189D1 = {
			isa = PBXGroup;
			children = (
				03B0656028817A6D00D189D1 /* CardTble */,
				03B0657728817A6E00D189D1 /* CardTbleTests */,
				03B0658128817A6E00D189D1 /* CardTbleUITests */,
				03B0655F28817A6D00D189D1 /* Products */,
				ACE2FEFD7D319C88490DE0EA /* Pods */,
				F458A3B67749E90AAB43C544 /* Frameworks */,
			);
			sourceTree = "<group>";
		};
		03B0655F28817A6D00D189D1 /* Products */ = {
			isa = PBXGroup;
			children = (
				03B0655E28817A6D00D189D1 /* CardTble.app */,
				03B0657428817A6E00D189D1 /* CardTbleTests.xctest */,
				03B0657E28817A6E00D189D1 /* CardTbleUITests.xctest */,
			);
			name = Products;
			sourceTree = "<group>";
		};
		03B0656028817A6D00D189D1 /* CardTble */ = {
			isa = PBXGroup;
			children = (
				03B06598288186D800D189D1 /* Sources */,
				03B065952881855D00D189D1 /* Resources */,
			);
			path = CardTble;
			sourceTree = "<group>";
		};
		03B0657728817A6E00D189D1 /* CardTbleTests */ = {
			isa = PBXGroup;
			children = (
				03B0657828817A6E00D189D1 /* CardTbleTests.swift */,
			);
			path = CardTbleTests;
			sourceTree = "<group>";
		};
		03B0658128817A6E00D189D1 /* CardTbleUITests */ = {
			isa = PBXGroup;
			children = (
				03B0658228817A6E00D189D1 /* CardTbleUITests.swift */,
				03B0658428817A6E00D189D1 /* CardTbleUITestsLaunchTests.swift */,
			);
			path = CardTbleUITests;
			sourceTree = "<group>";
		};
		03B065952881855D00D189D1 /* Resources */ = {
			isa = PBXGroup;
			children = (
				03B065972881859100D189D1 /* Storyboards */,
				03B065962881858100D189D1 /* Config */,
				03B0656A28817A6E00D189D1 /* Assets.xcassets */,
			);
			path = Resources;
			sourceTree = "<group>";
		};
		03B065962881858100D189D1 /* Config */ = {
			isa = PBXGroup;
			children = (
				03B0656F28817A6E00D189D1 /* Info.plist */,
			);
			path = Config;
			sourceTree = "<group>";
		};
		03B065972881859100D189D1 /* Storyboards */ = {
			isa = PBXGroup;
			children = (
				03B0656C28817A6E00D189D1 /* LaunchScreen.storyboard */,
			);
			path = Storyboards;
			sourceTree = "<group>";
		};
		03B06598288186D800D189D1 /* Sources */ = {
			isa = PBXGroup;
			children = (
				03B0659A2881872800D189D1 /* MainCardTable */,
				03B065992881870000D189D1 /* App */,
			);
			path = Sources;
			sourceTree = "<group>";
		};
		03B065992881870000D189D1 /* App */ = {
			isa = PBXGroup;
			children = (
				03B0656128817A6D00D189D1 /* AppDelegate.swift */,
			);
			path = App;
			sourceTree = "<group>";
		};
		03B0659A2881872800D189D1 /* MainCardTable */ = {
			isa = PBXGroup;
			children = (
				03BCDB8828818D5700D5E7AD /* Model */,
				03BCDB812881898A00D5E7AD /* View */,
				03BCDB802881898500D5E7AD /* Presenter */,
				03BCDB7F2881897D00D5E7AD /* Assembly */,
			);
			path = MainCardTable;
			sourceTree = "<group>";
		};
		03BCDB7F2881897D00D5E7AD /* Assembly */ = {
			isa = PBXGroup;
			children = (
				03BCDB84288189DE00D5E7AD /* MainAssembly.swift */,
			);
			path = Assembly;
			sourceTree = "<group>";
		};
		03BCDB802881898500D5E7AD /* Presenter */ = {
			isa = PBXGroup;
			children = (
				03BCDB82288189C800D5E7AD /* MainPresenter.swift */,
			);
			path = Presenter;
			sourceTree = "<group>";
		};
		03BCDB812881898A00D5E7AD /* View */ = {
			isa = PBXGroup;
			children = (
				03812F9D2881AC3E00FA23D7 /* CardView */,
				03BCDB8928818D7F00D5E7AD /* Cell */,
				03B0656528817A6D00D189D1 /* MainViewController.swift */,
				03BCDB8628818A4500D5E7AD /* MainViewControllerInput.swift */,
				03812F9E2881B3D100FA23D7 /* MainViewControllerOutput.swift */,
			);
			path = View;
			sourceTree = "<group>";
		};
		03BCDB8828818D5700D5E7AD /* Model */ = {
			isa = PBXGroup;
			children = (
				03BCDB8C2881907300D5E7AD /* CardModel.swift */,
			);
			path = Model;
			sourceTree = "<group>";
		};
		03BCDB8928818D7F00D5E7AD /* Cell */ = {
			isa = PBXGroup;
			children = (
				03BCDB8A28818D9100D5E7AD /* CardCell.swift */,
			);
			path = Cell;
			sourceTree = "<group>";
		};
		ACE2FEFD7D319C88490DE0EA /* Pods */ = {
			isa = PBXGroup;
			children = (
				CFEC7D4FE23A660CA063302D /* Pods-CardTble.debug.xcconfig */,
				2161CCD111AD4EAD9D5A1323 /* Pods-CardTble.release.xcconfig */,
				D5CAB53FC9307C9F37C6060B /* Pods-CardTble-CardTbleUITests.debug.xcconfig */,
				8284D4367143E3B4DBB45E23 /* Pods-CardTble-CardTbleUITests.release.xcconfig */,
				D1F59AD110FEFB9BFBD659C5 /* Pods-CardTbleTests.debug.xcconfig */,
				BF586410A61EC8FA8763C8B4 /* Pods-CardTbleTests.release.xcconfig */,
			);
			path = Pods;
			sourceTree = "<group>";
		};
		F458A3B67749E90AAB43C544 /* Frameworks */ = {
			isa = PBXGroup;
			children = (
				FA681CA874D9186313572256 /* Pods_CardTble.framework */,
				D403FDAC4713FFC977E61B9A /* Pods_CardTble_CardTbleUITests.framework */,
				826E3F2679952C1E89C27C32 /* Pods_CardTbleTests.framework */,
			);
			name = Frameworks;
			sourceTree = "<group>";
		};
/* End PBXGroup section */

/* Begin PBXNativeTarget section */
		03B0655D28817A6D00D189D1 /* CardTble */ = {
			isa = PBXNativeTarget;
			buildConfigurationList = 03B0658828817A6E00D189D1 /* Build configuration list for PBXNativeTarget "CardTble" */;
			buildPhases = (
				54A7B2EA0358FEECDF5BCEB6 /* [CP] Check Pods Manifest.lock */,
				03B0655A28817A6D00D189D1 /* Sources */,
				03B0655B28817A6D00D189D1 /* Frameworks */,
				03B0655C28817A6D00D189D1 /* Resources */,
				D75F5CC95B8B68D42A8ED94B /* [CP] Embed Pods Frameworks */,
			);
			buildRules = (
			);
			dependencies = (
			);
			name = CardTble;
			packageProductDependencies = (
				03B065922881811B00D189D1 /* Alamofire */,
			);
			productName = CardTble;
			productReference = 03B0655E28817A6D00D189D1 /* CardTble.app */;
			productType = "com.apple.product-type.application";
		};
		03B0657328817A6E00D189D1 /* CardTbleTests */ = {
			isa = PBXNativeTarget;
			buildConfigurationList = 03B0658B28817A6E00D189D1 /* Build configuration list for PBXNativeTarget "CardTbleTests" */;
			buildPhases = (
				6323836BBCAA57243241DF20 /* [CP] Check Pods Manifest.lock */,
				03B0657028817A6E00D189D1 /* Sources */,
				03B0657128817A6E00D189D1 /* Frameworks */,
				03B0657228817A6E00D189D1 /* Resources */,
			);
			buildRules = (
			);
			dependencies = (
				03B0657628817A6E00D189D1 /* PBXTargetDependency */,
			);
			name = CardTbleTests;
			productName = CardTbleTests;
			productReference = 03B0657428817A6E00D189D1 /* CardTbleTests.xctest */;
			productType = "com.apple.product-type.bundle.unit-test";
		};
		03B0657D28817A6E00D189D1 /* CardTbleUITests */ = {
			isa = PBXNativeTarget;
			buildConfigurationList = 03B0658E28817A6E00D189D1 /* Build configuration list for PBXNativeTarget "CardTbleUITests" */;
			buildPhases = (
				6E9FCCA7E8D21F855AD9BB08 /* [CP] Check Pods Manifest.lock */,
				03B0657A28817A6E00D189D1 /* Sources */,
				03B0657B28817A6E00D189D1 /* Frameworks */,
				03B0657C28817A6E00D189D1 /* Resources */,
				D0B3B0FA222E82F7A8E2FCF2 /* [CP] Embed Pods Frameworks */,
			);
			buildRules = (
			);
			dependencies = (
				03B0658028817A6E00D189D1 /* PBXTargetDependency */,
			);
			name = CardTbleUITests;
			productName = CardTbleUITests;
			productReference = 03B0657E28817A6E00D189D1 /* CardTbleUITests.xctest */;
			productType = "com.apple.product-type.bundle.ui-testing";
		};
/* End PBXNativeTarget section */

/* Begin PBXProject section */
		03B0655628817A6D00D189D1 /* Project object */ = {
			isa = PBXProject;
			attributes = {
				BuildIndependentTargetsInParallel = 1;
				LastSwiftUpdateCheck = 1320;
				LastUpgradeCheck = 1320;
				TargetAttributes = {
					03B0655D28817A6D00D189D1 = {
						CreatedOnToolsVersion = 13.2.1;
					};
					03B0657328817A6E00D189D1 = {
						CreatedOnToolsVersion = 13.2.1;
						TestTargetID = 03B0655D28817A6D00D189D1;
					};
					03B0657D28817A6E00D189D1 = {
						CreatedOnToolsVersion = 13.2.1;
						TestTargetID = 03B0655D28817A6D00D189D1;
					};
				};
			};
			buildConfigurationList = 03B0655928817A6D00D189D1 /* Build configuration list for PBXProject "CardTble" */;
			compatibilityVersion = "Xcode 13.0";
			developmentRegion = en;
			hasScannedForEncodings = 0;
			knownRegions = (
				en,
				Base,
			);
			mainGroup = 03B0655528817A6D00D189D1;
			packageReferences = (
				03B065912881811B00D189D1 /* XCRemoteSwiftPackageReference "Alamofire" */,
			);
			productRefGroup = 03B0655F28817A6D00D189D1 /* Products */;
			projectDirPath = "";
			projectRoot = "";
			targets = (
				03B0655D28817A6D00D189D1 /* CardTble */,
				03B0657328817A6E00D189D1 /* CardTbleTests */,
				03B0657D28817A6E00D189D1 /* CardTbleUITests */,
			);
		};
/* End PBXProject section */

/* Begin PBXResourcesBuildPhase section */
		03B0655C28817A6D00D189D1 /* Resources */ = {
			isa = PBXResourcesBuildPhase;
			buildActionMask = 2147483647;
			files = (
				03B0656E28817A6E00D189D1 /* LaunchScreen.storyboard in Resources */,
				03B0656B28817A6E00D189D1 /* Assets.xcassets in Resources */,
			);
			runOnlyForDeploymentPostprocessing = 0;
		};
		03B0657228817A6E00D189D1 /* Resources */ = {
			isa = PBXResourcesBuildPhase;
			buildActionMask = 2147483647;
			files = (
			);
			runOnlyForDeploymentPostprocessing = 0;
		};
		03B0657C28817A6E00D189D1 /* Resources */ = {
			isa = PBXResourcesBuildPhase;
			buildActionMask = 2147483647;
			files = (
			);
			runOnlyForDeploymentPostprocessing = 0;
		};
/* End PBXResourcesBuildPhase section */

/* Begin PBXShellScriptBuildPhase section */
		54A7B2EA0358FEECDF5BCEB6 /* [CP] Check Pods Manifest.lock */ = {
			isa = PBXShellScriptBuildPhase;
			buildActionMask = 2147483647;
			files = (
			);
			inputFileListPaths = (
			);
			inputPaths = (
				"${PODS_PODFILE_DIR_PATH}/Podfile.lock",
				"${PODS_ROOT}/Manifest.lock",
			);
			name = "[CP] Check Pods Manifest.lock";
			outputFileListPaths = (
			);
			outputPaths = (
				"$(DERIVED_FILE_DIR)/Pods-CardTble-checkManifestLockResult.txt",
			);
			runOnlyForDeploymentPostprocessing = 0;
			shellPath = /bin/sh;
			shellScript = "diff \"${PODS_PODFILE_DIR_PATH}/Podfile.lock\" \"${PODS_ROOT}/Manifest.lock\" > /dev/null\nif [ $? != 0 ] ; then\n    # print error to STDERR\n    echo \"error: The sandbox is not in sync with the Podfile.lock. Run 'pod install' or update your CocoaPods installation.\" >&2\n    exit 1\nfi\n# This output is used by Xcode 'outputs' to avoid re-running this script phase.\necho \"SUCCESS\" > \"${SCRIPT_OUTPUT_FILE_0}\"\n";
			showEnvVarsInLog = 0;
		};
		6323836BBCAA57243241DF20 /* [CP] Check Pods Manifest.lock */ = {
			isa = PBXShellScriptBuildPhase;
			buildActionMask = 2147483647;
			files = (
			);
			inputFileListPaths = (
			);
			inputPaths = (
				"${PODS_PODFILE_DIR_PATH}/Podfile.lock",
				"${PODS_ROOT}/Manifest.lock",
			);
			name = "[CP] Check Pods Manifest.lock";
			outputFileListPaths = (
			);
			outputPaths = (
				"$(DERIVED_FILE_DIR)/Pods-CardTbleTests-checkManifestLockResult.txt",
			);
			runOnlyForDeploymentPostprocessing = 0;
			shellPath = /bin/sh;
			shellScript = "diff \"${PODS_PODFILE_DIR_PATH}/Podfile.lock\" \"${PODS_ROOT}/Manifest.lock\" > /dev/null\nif [ $? != 0 ] ; then\n    # print error to STDERR\n    echo \"error: The sandbox is not in sync with the Podfile.lock. Run 'pod install' or update your CocoaPods installation.\" >&2\n    exit 1\nfi\n# This output is used by Xcode 'outputs' to avoid re-running this script phase.\necho \"SUCCESS\" > \"${SCRIPT_OUTPUT_FILE_0}\"\n";
			showEnvVarsInLog = 0;
		};
		6E9FCCA7E8D21F855AD9BB08 /* [CP] Check Pods Manifest.lock */ = {
			isa = PBXShellScriptBuildPhase;
			buildActionMask = 2147483647;
			files = (
			);
			inputFileListPaths = (
			);
			inputPaths = (
				"${PODS_PODFILE_DIR_PATH}/Podfile.lock",
				"${PODS_ROOT}/Manifest.lock",
			);
			name = "[CP] Check Pods Manifest.lock";
			outputFileListPaths = (
			);
			outputPaths = (
				"$(DERIVED_FILE_DIR)/Pods-CardTble-CardTbleUITests-checkManifestLockResult.txt",
			);
			runOnlyForDeploymentPostprocessing = 0;
			shellPath = /bin/sh;
			shellScript = "diff \"${PODS_PODFILE_DIR_PATH}/Podfile.lock\" \"${PODS_ROOT}/Manifest.lock\" > /dev/null\nif [ $? != 0 ] ; then\n    # print error to STDERR\n    echo \"error: The sandbox is not in sync with the Podfile.lock. Run 'pod install' or update your CocoaPods installation.\" >&2\n    exit 1\nfi\n# This output is used by Xcode 'outputs' to avoid re-running this script phase.\necho \"SUCCESS\" > \"${SCRIPT_OUTPUT_FILE_0}\"\n";
			showEnvVarsInLog = 0;
		};
		D0B3B0FA222E82F7A8E2FCF2 /* [CP] Embed Pods Frameworks */ = {
			isa = PBXShellScriptBuildPhase;
			buildActionMask = 2147483647;
			files = (
			);
			inputFileListPaths = (
				"${PODS_ROOT}/Target Support Files/Pods-CardTble-CardTbleUITests/Pods-CardTble-CardTbleUITests-frameworks-${CONFIGURATION}-input-files.xcfilelist",
			);
			name = "[CP] Embed Pods Frameworks";
			outputFileListPaths = (
				"${PODS_ROOT}/Target Support Files/Pods-CardTble-CardTbleUITests/Pods-CardTble-CardTbleUITests-frameworks-${CONFIGURATION}-output-files.xcfilelist",
			);
			runOnlyForDeploymentPostprocessing = 0;
			shellPath = /bin/sh;
			shellScript = "\"${PODS_ROOT}/Target Support Files/Pods-CardTble-CardTbleUITests/Pods-CardTble-CardTbleUITests-frameworks.sh\"\n";
			showEnvVarsInLog = 0;
		};
		D75F5CC95B8B68D42A8ED94B /* [CP] Embed Pods Frameworks */ = {
			isa = PBXShellScriptBuildPhase;
			buildActionMask = 2147483647;
			files = (
			);
			inputFileListPaths = (
				"${PODS_ROOT}/Target Support Files/Pods-CardTble/Pods-CardTble-frameworks-${CONFIGURATION}-input-files.xcfilelist",
			);
			name = "[CP] Embed Pods Frameworks";
			outputFileListPaths = (
				"${PODS_ROOT}/Target Support Files/Pods-CardTble/Pods-CardTble-frameworks-${CONFIGURATION}-output-files.xcfilelist",
			);
			runOnlyForDeploymentPostprocessing = 0;
			shellPath = /bin/sh;
			shellScript = "\"${PODS_ROOT}/Target Support Files/Pods-CardTble/Pods-CardTble-frameworks.sh\"\n";
			showEnvVarsInLog = 0;
		};
/* End PBXShellScriptBuildPhase section */

/* Begin PBXSourcesBuildPhase section */
		03B0655A28817A6D00D189D1 /* Sources */ = {
			isa = PBXSourcesBuildPhase;
			buildActionMask = 2147483647;
			files = (
				03BCDB8728818A4500D5E7AD /* MainViewControllerInput.swift in Sources */,
				03B0656628817A6D00D189D1 /* MainViewController.swift in Sources */,
				03BCDB83288189C800D5E7AD /* MainPresenter.swift in Sources */,
				03BCDB8D2881907300D5E7AD /* CardModel.swift in Sources */,
				03812F9C2881AB8200FA23D7 /* CardInfoViewController.swift in Sources */,
				03BCDB85288189DE00D5E7AD /* MainAssembly.swift in Sources */,
				03B0656228817A6D00D189D1 /* AppDelegate.swift in Sources */,
				03BCDB8B28818D9100D5E7AD /* CardCell.swift in Sources */,
				03812F9F2881B3D100FA23D7 /* MainViewControllerOutput.swift in Sources */,
			);
			runOnlyForDeploymentPostprocessing = 0;
		};
		03B0657028817A6E00D189D1 /* Sources */ = {
			isa = PBXSourcesBuildPhase;
			buildActionMask = 2147483647;
			files = (
				03B0657928817A6E00D189D1 /* CardTbleTests.swift in Sources */,
			);
			runOnlyForDeploymentPostprocessing = 0;
		};
		03B0657A28817A6E00D189D1 /* Sources */ = {
			isa = PBXSourcesBuildPhase;
			buildActionMask = 2147483647;
			files = (
				03B0658528817A6E00D189D1 /* CardTbleUITestsLaunchTests.swift in Sources */,
				03B0658328817A6E00D189D1 /* CardTbleUITests.swift in Sources */,
			);
			runOnlyForDeploymentPostprocessing = 0;
		};
/* End PBXSourcesBuildPhase section */

/* Begin PBXTargetDependency section */
		03B0657628817A6E00D189D1 /* PBXTargetDependency */ = {
			isa = PBXTargetDependency;
			target = 03B0655D28817A6D00D189D1 /* CardTble */;
			targetProxy = 03B0657528817A6E00D189D1 /* PBXContainerItemProxy */;
		};
		03B0658028817A6E00D189D1 /* PBXTargetDependency */ = {
			isa = PBXTargetDependency;
			target = 03B0655D28817A6D00D189D1 /* CardTble */;
			targetProxy = 03B0657F28817A6E00D189D1 /* PBXContainerItemProxy */;
		};
/* End PBXTargetDependency section */

/* Begin PBXVariantGroup section */
		03B0656C28817A6E00D189D1 /* LaunchScreen.storyboard */ = {
			isa = PBXVariantGroup;
			children = (
				03B0656D28817A6E00D189D1 /* Base */,
			);
			name = LaunchScreen.storyboard;
			sourceTree = "<group>";
		};
/* End PBXVariantGroup section */

/* Begin XCBuildConfiguration section */
		03B0658628817A6E00D189D1 /* Debug */ = {
			isa = XCBuildConfiguration;
			buildSettings = {
				ALWAYS_SEARCH_USER_PATHS = NO;
				CLANG_ANALYZER_NONNULL = YES;
				CLANG_ANALYZER_NUMBER_OBJECT_CONVERSION = YES_AGGRESSIVE;
				CLANG_CXX_LANGUAGE_STANDARD = "gnu++17";
				CLANG_CXX_LIBRARY = "libc++";
				CLANG_ENABLE_MODULES = YES;
				CLANG_ENABLE_OBJC_ARC = YES;
				CLANG_ENABLE_OBJC_WEAK = YES;
				CLANG_WARN_BLOCK_CAPTURE_AUTORELEASING = YES;
				CLANG_WARN_BOOL_CONVERSION = YES;
				CLANG_WARN_COMMA = YES;
				CLANG_WARN_CONSTANT_CONVERSION = YES;
				CLANG_WARN_DEPRECATED_OBJC_IMPLEMENTATIONS = YES;
				CLANG_WARN_DIRECT_OBJC_ISA_USAGE = YES_ERROR;
				CLANG_WARN_DOCUMENTATION_COMMENTS = YES;
				CLANG_WARN_EMPTY_BODY = YES;
				CLANG_WARN_ENUM_CONVERSION = YES;
				CLANG_WARN_INFINITE_RECURSION = YES;
				CLANG_WARN_INT_CONVERSION = YES;
				CLANG_WARN_NON_LITERAL_NULL_CONVERSION = YES;
				CLANG_WARN_OBJC_IMPLICIT_RETAIN_SELF = YES;
				CLANG_WARN_OBJC_LITERAL_CONVERSION = YES;
				CLANG_WARN_OBJC_ROOT_CLASS = YES_ERROR;
				CLANG_WARN_QUOTED_INCLUDE_IN_FRAMEWORK_HEADER = YES;
				CLANG_WARN_RANGE_LOOP_ANALYSIS = YES;
				CLANG_WARN_STRICT_PROTOTYPES = YES;
				CLANG_WARN_SUSPICIOUS_MOVE = YES;
				CLANG_WARN_UNGUARDED_AVAILABILITY = YES_AGGRESSIVE;
				CLANG_WARN_UNREACHABLE_CODE = YES;
				CLANG_WARN__DUPLICATE_METHOD_MATCH = YES;
				COPY_PHASE_STRIP = NO;
				DEBUG_INFORMATION_FORMAT = dwarf;
				ENABLE_STRICT_OBJC_MSGSEND = YES;
				ENABLE_TESTABILITY = YES;
				GCC_C_LANGUAGE_STANDARD = gnu11;
				GCC_DYNAMIC_NO_PIC = NO;
				GCC_NO_COMMON_BLOCKS = YES;
				GCC_OPTIMIZATION_LEVEL = 0;
				GCC_PREPROCESSOR_DEFINITIONS = (
					"DEBUG=1",
					"$(inherited)",
				);
				GCC_WARN_64_TO_32_BIT_CONVERSION = YES;
				GCC_WARN_ABOUT_RETURN_TYPE = YES_ERROR;
				GCC_WARN_UNDECLARED_SELECTOR = YES;
				GCC_WARN_UNINITIALIZED_AUTOS = YES_AGGRESSIVE;
				GCC_WARN_UNUSED_FUNCTION = YES;
				GCC_WARN_UNUSED_VARIABLE = YES;
				IPHONEOS_DEPLOYMENT_TARGET = 15.2;
				MTL_ENABLE_DEBUG_INFO = INCLUDE_SOURCE;
				MTL_FAST_MATH = YES;
				ONLY_ACTIVE_ARCH = YES;
				SDKROOT = iphoneos;
				SWIFT_ACTIVE_COMPILATION_CONDITIONS = DEBUG;
				SWIFT_OPTIMIZATION_LEVEL = "-Onone";
			};
			name = Debug;
		};
		03B0658728817A6E00D189D1 /* Release */ = {
			isa = XCBuildConfiguration;
			buildSettings = {
				ALWAYS_SEARCH_USER_PATHS = NO;
				CLANG_ANALYZER_NONNULL = YES;
				CLANG_ANALYZER_NUMBER_OBJECT_CONVERSION = YES_AGGRESSIVE;
				CLANG_CXX_LANGUAGE_STANDARD = "gnu++17";
				CLANG_CXX_LIBRARY = "libc++";
				CLANG_ENABLE_MODULES = YES;
				CLANG_ENABLE_OBJC_ARC = YES;
				CLANG_ENABLE_OBJC_WEAK = YES;
				CLANG_WARN_BLOCK_CAPTURE_AUTORELEASING = YES;
				CLANG_WARN_BOOL_CONVERSION = YES;
				CLANG_WARN_COMMA = YES;
				CLANG_WARN_CONSTANT_CONVERSION = YES;
				CLANG_WARN_DEPRECATED_OBJC_IMPLEMENTATIONS = YES;
				CLANG_WARN_DIRECT_OBJC_ISA_USAGE = YES_ERROR;
				CLANG_WARN_DOCUMENTATION_COMMENTS = YES;
				CLANG_WARN_EMPTY_BODY = YES;
				CLANG_WARN_ENUM_CONVERSION = YES;
				CLANG_WARN_INFINITE_RECURSION = YES;
				CLANG_WARN_INT_CONVERSION = YES;
				CLANG_WARN_NON_LITERAL_NULL_CONVERSION = YES;
				CLANG_WARN_OBJC_IMPLICIT_RETAIN_SELF = YES;
				CLANG_WARN_OBJC_LITERAL_CONVERSION = YES;
				CLANG_WARN_OBJC_ROOT_CLASS = YES_ERROR;
				CLANG_WARN_QUOTED_INCLUDE_IN_FRAMEWORK_HEADER = YES;
				CLANG_WARN_RANGE_LOOP_ANALYSIS = YES;
				CLANG_WARN_STRICT_PROTOTYPES = YES;
				CLANG_WARN_SUSPICIOUS_MOVE = YES;
				CLANG_WARN_UNGUARDED_AVAILABILITY = YES_AGGRESSIVE;
				CLANG_WARN_UNREACHABLE_CODE = YES;
				CLANG_WARN__DUPLICATE_METHOD_MATCH = YES;
				COPY_PHASE_STRIP = NO;
				DEBUG_INFORMATION_FORMAT = "dwarf-with-dsym";
				ENABLE_NS_ASSERTIONS = NO;
				ENABLE_STRICT_OBJC_MSGSEND = YES;
				GCC_C_LANGUAGE_STANDARD = gnu11;
				GCC_NO_COMMON_BLOCKS = YES;
				GCC_WARN_64_TO_32_BIT_CONVERSION = YES;
				GCC_WARN_ABOUT_RETURN_TYPE = YES_ERROR;
				GCC_WARN_UNDECLARED_SELECTOR = YES;
				GCC_WARN_UNINITIALIZED_AUTOS = YES_AGGRESSIVE;
				GCC_WARN_UNUSED_FUNCTION = YES;
				GCC_WARN_UNUSED_VARIABLE = YES;
				IPHONEOS_DEPLOYMENT_TARGET = 15.2;
				MTL_ENABLE_DEBUG_INFO = NO;
				MTL_FAST_MATH = YES;
				SDKROOT = iphoneos;
				SWIFT_COMPILATION_MODE = wholemodule;
				SWIFT_OPTIMIZATION_LEVEL = "-O";
				VALIDATE_PRODUCT = YES;
			};
			name = Release;
		};
		03B0658928817A6E00D189D1 /* Debug */ = {
			isa = XCBuildConfiguration;
			baseConfigurationReference = CFEC7D4FE23A660CA063302D /* Pods-CardTble.debug.xcconfig */;
			buildSettings = {
				ASSETCATALOG_COMPILER_APPICON_NAME = AppIcon;
				ASSETCATALOG_COMPILER_GLOBAL_ACCENT_COLOR_NAME = AccentColor;
				CODE_SIGN_STYLE = Automatic;
				CURRENT_PROJECT_VERSION = 1;
				GENERATE_INFOPLIST_FILE = YES;
				INFOPLIST_FILE = CardTble/Resources/Config/Info.plist;
				INFOPLIST_KEY_UIApplicationSupportsIndirectInputEvents = YES;
				INFOPLIST_KEY_UILaunchStoryboardName = LaunchScreen;
				INFOPLIST_KEY_UIMainStoryboardFile = LaunchScreen;
				INFOPLIST_KEY_UISupportedInterfaceOrientations_iPad = "UIInterfaceOrientationPortrait UIInterfaceOrientationPortraitUpsideDown UIInterfaceOrientationLandscapeLeft UIInterfaceOrientationLandscapeRight";
				INFOPLIST_KEY_UISupportedInterfaceOrientations_iPhone = "UIInterfaceOrientationPortrait UIInterfaceOrientationLandscapeLeft UIInterfaceOrientationLandscapeRight";
				LD_RUNPATH_SEARCH_PATHS = (
					"$(inherited)",
					"@executable_path/Frameworks",
				);
				MARKETING_VERSION = 1.0;
				PRODUCT_BUNDLE_IDENTIFIER = org.CardTble;
				PRODUCT_NAME = "$(TARGET_NAME)";
				SWIFT_EMIT_LOC_STRINGS = YES;
				SWIFT_VERSION = 5.0;
				TARGETED_DEVICE_FAMILY = "1,2";
			};
			name = Debug;
		};
		03B0658A28817A6E00D189D1 /* Release */ = {
			isa = XCBuildConfiguration;
			baseConfigurationReference = 2161CCD111AD4EAD9D5A1323 /* Pods-CardTble.release.xcconfig */;
			buildSettings = {
				ASSETCATALOG_COMPILER_APPICON_NAME = AppIcon;
				ASSETCATALOG_COMPILER_GLOBAL_ACCENT_COLOR_NAME = AccentColor;
				CODE_SIGN_STYLE = Automatic;
				CURRENT_PROJECT_VERSION = 1;
				GENERATE_INFOPLIST_FILE = YES;
				INFOPLIST_FILE = CardTble/Resources/Config/Info.plist;
				INFOPLIST_KEY_UIApplicationSupportsIndirectInputEvents = YES;
				INFOPLIST_KEY_UILaunchStoryboardName = LaunchScreen;
				INFOPLIST_KEY_UIMainStoryboardFile = LaunchScreen;
				INFOPLIST_KEY_UISupportedInterfaceOrientations_iPad = "UIInterfaceOrientationPortrait UIInterfaceOrientationPortraitUpsideDown UIInterfaceOrientationLandscapeLeft UIInterfaceOrientationLandscapeRight";
				INFOPLIST_KEY_UISupportedInterfaceOrientations_iPhone = "UIInterfaceOrientationPortrait UIInterfaceOrientationLandscapeLeft UIInterfaceOrientationLandscapeRight";
				LD_RUNPATH_SEARCH_PATHS = (
					"$(inherited)",
					"@executable_path/Frameworks",
				);
				MARKETING_VERSION = 1.0;
				PRODUCT_BUNDLE_IDENTIFIER = org.CardTble;
				PRODUCT_NAME = "$(TARGET_NAME)";
				SWIFT_EMIT_LOC_STRINGS = YES;
				SWIFT_VERSION = 5.0;
				TARGETED_DEVICE_FAMILY = "1,2";
			};
			name = Release;
		};
		03B0658C28817A6E00D189D1 /* Debug */ = {
			isa = XCBuildConfiguration;
			baseConfigurationReference = D1F59AD110FEFB9BFBD659C5 /* Pods-CardTbleTests.debug.xcconfig */;
			buildSettings = {
				ALWAYS_EMBED_SWIFT_STANDARD_LIBRARIES = YES;
				BUNDLE_LOADER = "$(TEST_HOST)";
				CODE_SIGN_STYLE = Automatic;
				CURRENT_PROJECT_VERSION = 1;
				GENERATE_INFOPLIST_FILE = YES;
				IPHONEOS_DEPLOYMENT_TARGET = 15.2;
				MARKETING_VERSION = 1.0;
				PRODUCT_BUNDLE_IDENTIFIER = org.CardTbleTests;
				PRODUCT_NAME = "$(TARGET_NAME)";
				SWIFT_EMIT_LOC_STRINGS = NO;
				SWIFT_VERSION = 5.0;
				TARGETED_DEVICE_FAMILY = "1,2";
				TEST_HOST = "$(BUILT_PRODUCTS_DIR)/CardTble.app/CardTble";
			};
			name = Debug;
		};
		03B0658D28817A6E00D189D1 /* Release */ = {
			isa = XCBuildConfiguration;
			baseConfigurationReference = BF586410A61EC8FA8763C8B4 /* Pods-CardTbleTests.release.xcconfig */;
			buildSettings = {
				ALWAYS_EMBED_SWIFT_STANDARD_LIBRARIES = YES;
				BUNDLE_LOADER = "$(TEST_HOST)";
				CODE_SIGN_STYLE = Automatic;
				CURRENT_PROJECT_VERSION = 1;
				GENERATE_INFOPLIST_FILE = YES;
				IPHONEOS_DEPLOYMENT_TARGET = 15.2;
				MARKETING_VERSION = 1.0;
				PRODUCT_BUNDLE_IDENTIFIER = org.CardTbleTests;
				PRODUCT_NAME = "$(TARGET_NAME)";
				SWIFT_EMIT_LOC_STRINGS = NO;
				SWIFT_VERSION = 5.0;
				TARGETED_DEVICE_FAMILY = "1,2";
				TEST_HOST = "$(BUILT_PRODUCTS_DIR)/CardTble.app/CardTble";
			};
			name = Release;
		};
		03B0658F28817A6E00D189D1 /* Debug */ = {
			isa = XCBuildConfiguration;
			baseConfigurationReference = D5CAB53FC9307C9F37C6060B /* Pods-CardTble-CardTbleUITests.debug.xcconfig */;
			buildSettings = {
				ALWAYS_EMBED_SWIFT_STANDARD_LIBRARIES = YES;
				CODE_SIGN_STYLE = Automatic;
				CURRENT_PROJECT_VERSION = 1;
				GENERATE_INFOPLIST_FILE = YES;
				MARKETING_VERSION = 1.0;
				PRODUCT_BUNDLE_IDENTIFIER = org.CardTbleUITests;
				PRODUCT_NAME = "$(TARGET_NAME)";
				SWIFT_EMIT_LOC_STRINGS = NO;
				SWIFT_VERSION = 5.0;
				TARGETED_DEVICE_FAMILY = "1,2";
				TEST_TARGET_NAME = CardTble;
			};
			name = Debug;
		};
		03B0659028817A6E00D189D1 /* Release */ = {
			isa = XCBuildConfiguration;
			baseConfigurationReference = 8284D4367143E3B4DBB45E23 /* Pods-CardTble-CardTbleUITests.release.xcconfig */;
			buildSettings = {
				ALWAYS_EMBED_SWIFT_STANDARD_LIBRARIES = YES;
				CODE_SIGN_STYLE = Automatic;
				CURRENT_PROJECT_VERSION = 1;
				GENERATE_INFOPLIST_FILE = YES;
				MARKETING_VERSION = 1.0;
				PRODUCT_BUNDLE_IDENTIFIER = org.CardTbleUITests;
				PRODUCT_NAME = "$(TARGET_NAME)";
				SWIFT_EMIT_LOC_STRINGS = NO;
				SWIFT_VERSION = 5.0;
				TARGETED_DEVICE_FAMILY = "1,2";
				TEST_TARGET_NAME = CardTble;
			};
			name = Release;
		};
/* End XCBuildConfiguration section */

/* Begin XCConfigurationList section */
		03B0655928817A6D00D189D1 /* Build configuration list for PBXProject "CardTble" */ = {
			isa = XCConfigurationList;
			buildConfigurations = (
				03B0658628817A6E00D189D1 /* Debug */,
				03B0658728817A6E00D189D1 /* Release */,
			);
			defaultConfigurationIsVisible = 0;
			defaultConfigurationName = Release;
		};
		03B0658828817A6E00D189D1 /* Build configuration list for PBXNativeTarget "CardTble" */ = {
			isa = XCConfigurationList;
			buildConfigurations = (
				03B0658928817A6E00D189D1 /* Debug */,
				03B0658A28817A6E00D189D1 /* Release */,
			);
			defaultConfigurationIsVisible = 0;
			defaultConfigurationName = Release;
		};
		03B0658B28817A6E00D189D1 /* Build configuration list for PBXNativeTarget "CardTbleTests" */ = {
			isa = XCConfigurationList;
			buildConfigurations = (
				03B0658C28817A6E00D189D1 /* Debug */,
				03B0658D28817A6E00D189D1 /* Release */,
			);
			defaultConfigurationIsVisible = 0;
			defaultConfigurationName = Release;
		};
		03B0658E28817A6E00D189D1 /* Build configuration list for PBXNativeTarget "CardTbleUITests" */ = {
			isa = XCConfigurationList;
			buildConfigurations = (
				03B0658F28817A6E00D189D1 /* Debug */,
				03B0659028817A6E00D189D1 /* Release */,
			);
			defaultConfigurationIsVisible = 0;
			defaultConfigurationName = Release;
		};
/* End XCConfigurationList section */

/* Begin XCRemoteSwiftPackageReference section */
		03B065912881811B00D189D1 /* XCRemoteSwiftPackageReference "Alamofire" */ = {
			isa = XCRemoteSwiftPackageReference;
			repositoryURL = "https://github.com/Alamofire/Alamofire.git";
			requirement = {
				kind = upToNextMajorVersion;
				minimumVersion = 5.0.0;
			};
		};
/* End XCRemoteSwiftPackageReference section */

/* Begin XCSwiftPackageProductDependency section */
		03B065922881811B00D189D1 /* Alamofire */ = {
			isa = XCSwiftPackageProductDependency;
			package = 03B065912881811B00D189D1 /* XCRemoteSwiftPackageReference "Alamofire" */;
			productName = Alamofire;
		};
/* End XCSwiftPackageProductDependency section */
	};
	rootObject = 03B0655628817A6D00D189D1 /* Project object */;
}
